
Microsoft Visual Studio Solution File, Format Version 12.00
# Visual Studio Version 17
VisualStudioVersion = 17.8.34330.188
MinimumVisualStudioVersion = 10.0.40219.1
Project("{FAE04EC0-301F-11D3-BF4B-00C04F79EFBC}") = "practice_project3", "practice_project3\practice_project3.csproj", "{7C094C7E-4EC5-4887-AB51-7F27053061C3}"
EndProject
Global
	GlobalSection(SolutionConfigurationPlatforms) = preSolution
		Debug|Any CPU = Debug|Any CPU
		Release|Any CPU = Release|Any CPU
	EndGlobalSection
	GlobalSection(ProjectConfigurationPlatforms) = postSolution
		{7C094C7E-4EC5-4887-AB51-7F27053061C3}.Debug|Any CPU.ActiveCfg = Debug|Any CPU
		{7C094C7E-4EC5-4887-AB51-7F27053061C3}.Debug|Any CPU.Build.0 = Debug|Any CPU
		{7C094C7E-4EC5-4887-AB51-7F27053061C3}.Release|Any CPU.ActiveCfg = Release|Any CPU
		{7C094C7E-4EC5-4887-AB51-7F27053061C3}.Release|Any CPU.Build.0 = Release|Any CPU
	EndGlobalSection
	GlobalSection(SolutionProperties) = preSolution
		HideSolutionNode = FALSE
	EndGlobalSection
	GlobalSection(ExtensibilityGlobals) = postSolution
		SolutionGuid = {0F1F8E4F-B951-453F-9D7B-590A5347FD3B}
	EndGlobalSection
EndGlobal
